
Microsoft Visual Studio Solution File, Format Version 12.00
# Visual Studio 15
VisualStudioVersion = 15.0.28307.168
MinimumVisualStudioVersion = 10.0.40219.1
Project("{8BC9CEB8-8B4A-11D0-8D11-00A0C91BC942}") = "SkyPlayer", "SkyPlayer\SkyPlayer.vcxproj", "{DAED7C66-A8FE-444C-8F6B-DBC7A92B101C}"
EndProject
Project("{8BC9CEB8-8B4A-11D0-8D11-00A0C91BC942}") = "libskyrender", "libskyrender\libskyrender.vcxproj", "{24675CE8-B5F2-4433-8008-95CDF783611D}"
EndProject
Project("{8BC9CEB8-8B4A-11D0-8D11-00A0C91BC942}") = "libskyrendertest", "libskyrendertest\libskyrendertest.vcxproj", "{3CE43EBD-F2A6-42EC-AD51-3B9D41B8B011}"
EndProject
Global
	GlobalSection(SolutionConfigurationPlatforms) = preSolution
		Debug|x64 = Debug|x64
		Debug|x86 = Debug|x86
		Release|x64 = Release|x64
		Release|x86 = Release|x86
	EndGlobalSection
	GlobalSection(ProjectConfigurationPlatforms) = postSolution
		{DAED7C66-A8FE-444C-8F6B-DBC7A92B101C}.Debug|x64.ActiveCfg = Debug|x64
		{DAED7C66-A8FE-444C-8F6B-DBC7A92B101C}.Debug|x64.Build.0 = Debug|x64
		{DAED7C66-A8FE-444C-8F6B-DBC7A92B101C}.Debug|x86.ActiveCfg = Debug|Win32
		{DAED7C66-A8FE-444C-8F6B-DBC7A92B101C}.Debug|x86.Build.0 = Debug|Win32
		{DAED7C66-A8FE-444C-8F6B-DBC7A92B101C}.Release|x64.ActiveCfg = Release|x64
		{DAED7C66-A8FE-444C-8F6B-DBC7A92B101C}.Release|x64.Build.0 = Release|x64
		{DAED7C66-A8FE-444C-8F6B-DBC7A92B101C}.Release|x86.ActiveCfg = Release|Win32
		{DAED7C66-A8FE-444C-8F6B-DBC7A92B101C}.Release|x86.Build.0 = Release|Win32
		{24675CE8-B5F2-4433-8008-95CDF783611D}.Debug|x64.ActiveCfg = Debug|x64
		{24675CE8-B5F2-4433-8008-95CDF783611D}.Debug|x64.Build.0 = Debug|x64
		{24675CE8-B5F2-4433-8008-95CDF783611D}.Debug|x86.ActiveCfg = Debug|Win32
		{24675CE8-B5F2-4433-8008-95CDF783611D}.Debug|x86.Build.0 = Debug|Win32
		{24675CE8-B5F2-4433-8008-95CDF783611D}.Release|x64.ActiveCfg = Release|x64
		{24675CE8-B5F2-4433-8008-95CDF783611D}.Release|x64.Build.0 = Release|x64
		{24675CE8-B5F2-4433-8008-95CDF783611D}.Release|x86.ActiveCfg = Release|Win32
		{24675CE8-B5F2-4433-8008-95CDF783611D}.Release|x86.Build.0 = Release|Win32
		{3CE43EBD-F2A6-42EC-AD51-3B9D41B8B011}.Debug|x64.ActiveCfg = Debug|x64
		{3CE43EBD-F2A6-42EC-AD51-3B9D41B8B011}.Debug|x64.Build.0 = Debug|x64
		{3CE43EBD-F2A6-42EC-AD51-3B9D41B8B011}.Debug|x86.ActiveCfg = Debug|Win32
		{3CE43EBD-F2A6-42EC-AD51-3B9D41B8B011}.Debug|x86.Build.0 = Debug|Win32
		{3CE43EBD-F2A6-42EC-AD51-3B9D41B8B011}.Release|x64.ActiveCfg = Release|x64
		{3CE43EBD-F2A6-42EC-AD51-3B9D41B8B011}.Release|x64.Build.0 = Release|x64
		{3CE43EBD-F2A6-42EC-AD51-3B9D41B8B011}.Release|x86.ActiveCfg = Release|Win32
		{3CE43EBD-F2A6-42EC-AD51-3B9D41B8B011}.Release|x86.Build.0 = Release|Win32
	EndGlobalSection
	GlobalSection(SolutionProperties) = preSolution
		HideSolutionNode = FALSE
	EndGlobalSection
	GlobalSection(ExtensibilityGlobals) = postSolution
		SolutionGuid = {26F1544B-6BF3-4000-AB5D-82689BC0139C}
	EndGlobalSection
EndGlobal
